// !$*UTF8*$!
{
	archiveVersion = 1;
	classes = {
	};
	objectVersion = 51;
	objects = {

/* Begin PBXBuildFile section */
		23CD7DD529447EB000A051C1 /* AppDelegate.swift in Sources */ = {isa = PBXBuildFile; fileRef = 23CD7DD429447EB000A051C1 /* AppDelegate.swift */; };
		23CD7DD729447EB000A051C1 /* SceneDelegate.swift in Sources */ = {isa = PBXBuildFile; fileRef = 23CD7DD629447EB000A051C1 /* SceneDelegate.swift */; };
		23CD7DDC29447EB000A051C1 /* Main.storyboard in Resources */ = {isa = PBXBuildFile; fileRef = 23CD7DDA29447EB000A051C1 /* Main.storyboard */; };
		23CD7DE129447EB100A051C1 /* Assets.xcassets in Resources */ = {isa = PBXBuildFile; fileRef = 23CD7DE029447EB100A051C1 /* Assets.xcassets */; };
		23CD7DE429447EB100A051C1 /* LaunchScreen.storyboard in Resources */ = {isa = PBXBuildFile; fileRef = 23CD7DE229447EB100A051C1 /* LaunchScreen.storyboard */; };
		23CD7DF029448AA300A051C1 /* WelcomeViewController.swift in Sources */ = {isa = PBXBuildFile; fileRef = 23CD7DEF29448AA300A051C1 /* WelcomeViewController.swift */; };
		23CD7DF229448ABF00A051C1 /* RegisterViewController.swift in Sources */ = {isa = PBXBuildFile; fileRef = 23CD7DF129448ABF00A051C1 /* RegisterViewController.swift */; };
		23CD7DF429448AD400A051C1 /* LoginViewController.swift in Sources */ = {isa = PBXBuildFile; fileRef = 23CD7DF329448AD400A051C1 /* LoginViewController.swift */; };
		23CD7DF629448AEE00A051C1 /* ChatViewController.swift in Sources */ = {isa = PBXBuildFile; fileRef = 23CD7DF529448AEE00A051C1 /* ChatViewController.swift */; };
		23CD7DF82944AB9A00A051C1 /* GoogleService-Info.plist in Resources */ = {isa = PBXBuildFile; fileRef = 23CD7DF72944AB9A00A051C1 /* GoogleService-Info.plist */; };
		23CD7DFA294508ED00A051C1 /* Constants.swift in Sources */ = {isa = PBXBuildFile; fileRef = 23CD7DF9294508ED00A051C1 /* Constants.swift */; };
		23CD7DFC29457AC400A051C1 /* Message.swift in Sources */ = {isa = PBXBuildFile; fileRef = 23CD7DFB29457AC400A051C1 /* Message.swift */; };
		23CD7DFF2945837000A051C1 /* MessageCell.swift in Sources */ = {isa = PBXBuildFile; fileRef = 23CD7DFD2945837000A051C1 /* MessageCell.swift */; };
		23CD7E002945837000A051C1 /* MessageCell.xib in Resources */ = {isa = PBXBuildFile; fileRef = 23CD7DFE2945837000A051C1 /* MessageCell.xib */; };
		F8CBB31874C5245842862484 /* Pods_MessagingApp.framework in Frameworks */ = {isa = PBXBuildFile; fileRef = A11ED84693C10108B5A6E7D7 /* Pods_MessagingApp.framework */; };
/* End PBXBuildFile section */

/* Begin PBXFileReference section */
		23CD7DD129447EB000A051C1 /* MessagingApp.app */ = {isa = PBXFileReference; explicitFileType = wrapper.application; includeInIndex = 0; path = MessagingApp.app; sourceTree = BUILT_PRODUCTS_DIR; };
		23CD7DD429447EB000A051C1 /* AppDelegate.swift */ = {isa = PBXFileReference; lastKnownFileType = sourcecode.swift; path = AppDelegate.swift; sourceTree = "<group>"; };
		23CD7DD629447EB000A051C1 /* SceneDelegate.swift */ = {isa = PBXFileReference; lastKnownFileType = sourcecode.swift; path = SceneDelegate.swift; sourceTree = "<group>"; };
		23CD7DDB29447EB000A051C1 /* Base */ = {isa = PBXFileReference; lastKnownFileType = file.storyboard; name = Base; path = Base.lproj/Main.storyboard; sourceTree = "<group>"; };
		23CD7DE029447EB100A051C1 /* Assets.xcassets */ = {isa = PBXFileReference; lastKnownFileType = folder.assetcatalog; path = Assets.xcassets; sourceTree = "<group>"; };
		23CD7DE329447EB100A051C1 /* Base */ = {isa = PBXFileReference; lastKnownFileType = file.storyboard; name = Base; path = Base.lproj/LaunchScreen.storyboard; sourceTree = "<group>"; };
		23CD7DE529447EB100A051C1 /* Info.plist */ = {isa = PBXFileReference; lastKnownFileType = text.plist.xml; path = Info.plist; sourceTree = "<group>"; };
		23CD7DEF29448AA300A051C1 /* WelcomeViewController.swift */ = {isa = PBXFileReference; lastKnownFileType = sourcecode.swift; path = WelcomeViewController.swift; sourceTree = "<group>"; };
		23CD7DF129448ABF00A051C1 /* RegisterViewController.swift */ = {isa = PBXFileReference; lastKnownFileType = sourcecode.swift; path = RegisterViewController.swift; sourceTree = "<group>"; };
		23CD7DF329448AD400A051C1 /* LoginViewController.swift */ = {isa = PBXFileReference; lastKnownFileType = sourcecode.swift; path = LoginViewController.swift; sourceTree = "<group>"; };
		23CD7DF529448AEE00A051C1 /* ChatViewController.swift */ = {isa = PBXFileReference; lastKnownFileType = sourcecode.swift; path = ChatViewController.swift; sourceTree = "<group>"; };
		23CD7DF72944AB9A00A051C1 /* GoogleService-Info.plist */ = {isa = PBXFileReference; fileEncoding = 4; lastKnownFileType = text.plist.xml; path = "GoogleService-Info.plist"; sourceTree = "<group>"; };
		23CD7DF9294508ED00A051C1 /* Constants.swift */ = {isa = PBXFileReference; lastKnownFileType = sourcecode.swift; path = Constants.swift; sourceTree = "<group>"; };
		23CD7DFB29457AC400A051C1 /* Message.swift */ = {isa = PBXFileReference; lastKnownFileType = sourcecode.swift; path = Message.swift; sourceTree = "<group>"; };
		23CD7DFD2945837000A051C1 /* MessageCell.swift */ = {isa = PBXFileReference; lastKnownFileType = sourcecode.swift; path = MessageCell.swift; sourceTree = "<group>"; };
		23CD7DFE2945837000A051C1 /* MessageCell.xib */ = {isa = PBXFileReference; lastKnownFileType = file.xib; path = MessageCell.xib; sourceTree = "<group>"; };
		7DE2D5E5B8DF76A31BDABF39 /* Pods-MessagingApp.release.xcconfig */ = {isa = PBXFileReference; includeInIndex = 1; lastKnownFileType = text.xcconfig; name = "Pods-MessagingApp.release.xcconfig"; path = "Target Support Files/Pods-MessagingApp/Pods-MessagingApp.release.xcconfig"; sourceTree = "<group>"; };
		870745FA198B3144A4A6274D /* Pods-MessagingApp.debug.xcconfig */ = {isa = PBXFileReference; includeInIndex = 1; lastKnownFileType = text.xcconfig; name = "Pods-MessagingApp.debug.xcconfig"; path = "Target Support Files/Pods-MessagingApp/Pods-MessagingApp.debug.xcconfig"; sourceTree = "<group>"; };
		A11ED84693C10108B5A6E7D7 /* Pods_MessagingApp.framework */ = {isa = PBXFileReference; explicitFileType = wrapper.framework; includeInIndex = 0; path = Pods_MessagingApp.framework; sourceTree = BUILT_PRODUCTS_DIR; };
/* End PBXFileReference section */

/* Begin PBXFrameworksBuildPhase section */
		23CD7DCE29447EB000A051C1 /* Frameworks */ = {
			isa = PBXFrameworksBuildPhase;
			buildActionMask = 2147483647;
			files = (
				F8CBB31874C5245842862484 /* Pods_MessagingApp.framework in Frameworks */,
			);
			runOnlyForDeploymentPostprocessing = 0;
		};
/* End PBXFrameworksBuildPhase section */

/* Begin PBXGroup section */
		23CD7DC829447EB000A051C1 = {
			isa = PBXGroup;
			children = (
				23CD7DD329447EB000A051C1 /* MessagingApp */,
				23CD7DD229447EB000A051C1 /* Products */,
				5C259EC99D7DD04F7B7BCA53 /* Pods */,
				7A506C0159DD08E4EC323ACF /* Frameworks */,
			);
			sourceTree = "<group>";
		};
		23CD7DD229447EB000A051C1 /* Products */ = {
			isa = PBXGroup;
			children = (
				23CD7DD129447EB000A051C1 /* MessagingApp.app */,
			);
			name = Products;
			sourceTree = "<group>";
		};
		23CD7DD329447EB000A051C1 /* MessagingApp */ = {
			isa = PBXGroup;
			children = (
				23CD7DD429447EB000A051C1 /* AppDelegate.swift */,
				23CD7DD629447EB000A051C1 /* SceneDelegate.swift */,
				23CD7DEE2944853E00A051C1 /* Models */,
				23CD7DED2944846300A051C1 /* View */,
				23CD7DEB2944844500A051C1 /* Controllers */,
				23CD7DE029447EB100A051C1 /* Assets.xcassets */,
				23CD7DE229447EB100A051C1 /* LaunchScreen.storyboard */,
				23CD7DE529447EB100A051C1 /* Info.plist */,
				23CD7DF72944AB9A00A051C1 /* GoogleService-Info.plist */,
				23CD7DF9294508ED00A051C1 /* Constants.swift */,
			);
			path = MessagingApp;
			sourceTree = "<group>";
		};
		23CD7DEB2944844500A051C1 /* Controllers */ = {
			isa = PBXGroup;
			children = (
				23CD7DEF29448AA300A051C1 /* WelcomeViewController.swift */,
				23CD7DF129448ABF00A051C1 /* RegisterViewController.swift */,
				23CD7DF329448AD400A051C1 /* LoginViewController.swift */,
				23CD7DF529448AEE00A051C1 /* ChatViewController.swift */,
			);
			path = Controllers;
			sourceTree = "<group>";
		};
		23CD7DED2944846300A051C1 /* View */ = {
			isa = PBXGroup;
			children = (
				23CD7DDA29447EB000A051C1 /* Main.storyboard */,
				23CD7DFD2945837000A051C1 /* MessageCell.swift */,
				23CD7DFE2945837000A051C1 /* MessageCell.xib */,
			);
			path = View;
			sourceTree = "<group>";
		};
		23CD7DEE2944853E00A051C1 /* Models */ = {
			isa = PBXGroup;
			children = (
				23CD7DFB29457AC400A051C1 /* Message.swift */,
			);
			path = Models;
			sourceTree = "<group>";
		};
		5C259EC99D7DD04F7B7BCA53 /* Pods */ = {
			isa = PBXGroup;
			children = (
				870745FA198B3144A4A6274D /* Pods-MessagingApp.debug.xcconfig */,
				7DE2D5E5B8DF76A31BDABF39 /* Pods-MessagingApp.release.xcconfig */,
			);
			path = Pods;
			sourceTree = "<group>";
		};
		7A506C0159DD08E4EC323ACF /* Frameworks */ = {
			isa = PBXGroup;
			children = (
				A11ED84693C10108B5A6E7D7 /* Pods_MessagingApp.framework */,
			);
			name = Frameworks;
			sourceTree = "<group>";
		};
/* End PBXGroup section */

/* Begin PBXNativeTarget section */
		23CD7DD029447EB000A051C1 /* MessagingApp */ = {
			isa = PBXNativeTarget;
			buildConfigurationList = 23CD7DE829447EB100A051C1 /* Build configuration list for PBXNativeTarget "MessagingApp" */;
			buildPhases = (
				52DA11C8CE875990FC8E057C /* [CP] Check Pods Manifest.lock */,
				23CD7DCD29447EB000A051C1 /* Sources */,
				23CD7DCE29447EB000A051C1 /* Frameworks */,
				23CD7DCF29447EB000A051C1 /* Resources */,
				70BFBBEE9D5B7B8D85EA113E /* [CP] Embed Pods Frameworks */,
			);
			buildRules = (
			);
			dependencies = (
			);
			name = MessagingApp;
			productName = MessagingApp;
			productReference = 23CD7DD129447EB000A051C1 /* MessagingApp.app */;
			productType = "com.apple.product-type.application";
		};
/* End PBXNativeTarget section */

/* Begin PBXProject section */
		23CD7DC929447EB000A051C1 /* Project object */ = {
			isa = PBXProject;
			attributes = {
				LastSwiftUpdateCheck = 1250;
				LastUpgradeCheck = 1250;
				TargetAttributes = {
					23CD7DD029447EB000A051C1 = {
						CreatedOnToolsVersion = 12.5.1;
					};
				};
			};
			buildConfigurationList = 23CD7DCC29447EB000A051C1 /* Build configuration list for PBXProject "MessagingApp" */;
			compatibilityVersion = "Xcode 9.3";
			developmentRegion = en;
			hasScannedForEncodings = 0;
			knownRegions = (
				en,
				Base,
			);
			mainGroup = 23CD7DC829447EB000A051C1;
			productRefGroup = 23CD7DD229447EB000A051C1 /* Products */;
			projectDirPath = "";
			projectRoot = "";
			targets = (
				23CD7DD029447EB000A051C1 /* MessagingApp */,
			);
		};
/* End PBXProject section */

/* Begin PBXResourcesBuildPhase section */
		23CD7DCF29447EB000A051C1 /* Resources */ = {
			isa = PBXResourcesBuildPhase;
			buildActionMask = 2147483647;
			files = (
				23CD7E002945837000A051C1 /* MessageCell.xib in Resources */,
				23CD7DE429447EB100A051C1 /* LaunchScreen.storyboard in Resources */,
				23CD7DF82944AB9A00A051C1 /* GoogleService-Info.plist in Resources */,
				23CD7DE129447EB100A051C1 /* Assets.xcassets in Resources */,
				23CD7DDC29447EB000A051C1 /* Main.storyboard in Resources */,
			);
			runOnlyForDeploymentPostprocessing = 0;
		};
/* End PBXResourcesBuildPhase section */

/* Begin PBXShellScriptBuildPhase section */
		52DA11C8CE875990FC8E057C /* [CP] Check Pods Manifest.lock */ = {
			isa = PBXShellScriptBuildPhase;
			buildActionMask = 2147483647;
			files = (
			);
			inputFileListPaths = (
			);
			inputPaths = (
				"${PODS_PODFILE_DIR_PATH}/Podfile.lock",
				"${PODS_ROOT}/Manifest.lock",
			);
			name = "[CP] Check Pods Manifest.lock";
			outputFileListPaths = (
			);
			outputPaths = (
				"$(DERIVED_FILE_DIR)/Pods-MessagingApp-checkManifestLockResult.txt",
			);
			runOnlyForDeploymentPostprocessing = 0;
			shellPath = /bin/sh;
			shellScript = "diff \"${PODS_PODFILE_DIR_PATH}/Podfile.lock\" \"${PODS_ROOT}/Manifest.lock\" > /dev/null\nif [ $? != 0 ] ; then\n    # print error to STDERR\n    echo \"error: The sandbox is not in sync with the Podfile.lock. Run 'pod install' or update your CocoaPods installation.\" >&2\n    exit 1\nfi\n# This output is used by Xcode 'outputs' to avoid re-running this script phase.\necho \"SUCCESS\" > \"${SCRIPT_OUTPUT_FILE_0}\"\n";
			showEnvVarsInLog = 0;
		};
		70BFBBEE9D5B7B8D85EA113E /* [CP] Embed Pods Frameworks */ = {
			isa = PBXShellScriptBuildPhase;
			buildActionMask = 2147483647;
			files = (
			);
			inputFileListPaths = (
				"${PODS_ROOT}/Target Support Files/Pods-MessagingApp/Pods-MessagingApp-frameworks-${CONFIGURATION}-input-files.xcfilelist",
			);
			name = "[CP] Embed Pods Frameworks";
			outputFileListPaths = (
				"${PODS_ROOT}/Target Support Files/Pods-MessagingApp/Pods-MessagingApp-frameworks-${CONFIGURATION}-output-files.xcfilelist",
			);
			runOnlyForDeploymentPostprocessing = 0;
			shellPath = /bin/sh;
			shellScript = "\"${PODS_ROOT}/Target Support Files/Pods-MessagingApp/Pods-MessagingApp-frameworks.sh\"\n";
			showEnvVarsInLog = 0;
		};
/* End PBXShellScriptBuildPhase section */

/* Begin PBXSourcesBuildPhase section */
		23CD7DCD29447EB000A051C1 /* Sources */ = {
			isa = PBXSourcesBuildPhase;
			buildActionMask = 2147483647;
			files = (
				23CD7DF429448AD400A051C1 /* LoginViewController.swift in Sources */,
				23CD7DF229448ABF00A051C1 /* RegisterViewController.swift in Sources */,
				23CD7DF629448AEE00A051C1 /* ChatViewController.swift in Sources */,
				23CD7DF029448AA300A051C1 /* WelcomeViewController.swift in Sources */,
				23CD7DFA294508ED00A051C1 /* Constants.swift in Sources */,
				23CD7DFC29457AC400A051C1 /* Message.swift in Sources */,
				23CD7DD529447EB000A051C1 /* AppDelegate.swift in Sources */,
				23CD7DD729447EB000A051C1 /* SceneDelegate.swift in Sources */,
				23CD7DFF2945837000A051C1 /* MessageCell.swift in Sources */,
			);
			runOnlyForDeploymentPostprocessing = 0;
		};
/* End PBXSourcesBuildPhase section */

/* Begin PBXVariantGroup section */
		23CD7DDA29447EB000A051C1 /* Main.storyboard */ = {
			isa = PBXVariantGroup;
			children = (
				23CD7DDB29447EB000A051C1 /* Base */,
			);
			name = Main.storyboard;
			sourceTree = "<group>";
		};
		23CD7DE229447EB100A051C1 /* LaunchScreen.storyboard */ = {
			isa = PBXVariantGroup;
			children = (
				23CD7DE329447EB100A051C1 /* Base */,
			);
			name = LaunchScreen.storyboard;
			sourceTree = "<group>";
		};
/* End PBXVariantGroup section */

/* Begin XCBuildConfiguration section */
		23CD7DE629447EB100A051C1 /* Debug */ = {
			isa = XCBuildConfiguration;
			buildSettings = {
				ALWAYS_SEARCH_USER_PATHS = NO;
				CLANG_ANALYZER_NONNULL = YES;
				CLANG_ANALYZER_NUMBER_OBJECT_CONVERSION = YES_AGGRESSIVE;
				CLANG_CXX_LANGUAGE_STANDARD = "gnu++14";
				CLANG_CXX_LIBRARY = "libc++";
				CLANG_ENABLE_MODULES = YES;
				CLANG_ENABLE_OBJC_ARC = YES;
				CLANG_ENABLE_OBJC_WEAK = YES;
				CLANG_WARN_BLOCK_CAPTURE_AUTORELEASING = YES;
				CLANG_WARN_BOOL_CONVERSION = YES;
				CLANG_WARN_COMMA = YES;
				CLANG_WARN_CONSTANT_CONVERSION = YES;
				CLANG_WARN_DEPRECATED_OBJC_IMPLEMENTATIONS = YES;
				CLANG_WARN_DIRECT_OBJC_ISA_USAGE = YES_ERROR;
				CLANG_WARN_DOCUMENTATION_COMMENTS = YES;
				CLANG_WARN_EMPTY_BODY = YES;
				CLANG_WARN_ENUM_CONVERSION = YES;
				CLANG_WARN_INFINITE_RECURSION = YES;
				CLANG_WARN_INT_CONVERSION = YES;
				CLANG_WARN_NON_LITERAL_NULL_CONVERSION = YES;
				CLANG_WARN_OBJC_IMPLICIT_RETAIN_SELF = YES;
				CLANG_WARN_OBJC_LITERAL_CONVERSION = YES;
				CLANG_WARN_OBJC_ROOT_CLASS = YES_ERROR;
				CLANG_WARN_QUOTED_INCLUDE_IN_FRAMEWORK_HEADER = YES;
				CLANG_WARN_RANGE_LOOP_ANALYSIS = YES;
				CLANG_WARN_STRICT_PROTOTYPES = YES;
				CLANG_WARN_SUSPICIOUS_MOVE = YES;
				CLANG_WARN_UNGUARDED_AVAILABILITY = YES_AGGRESSIVE;
				CLANG_WARN_UNREACHABLE_CODE = YES;
				CLANG_WARN__DUPLICATE_METHOD_MATCH = YES;
				COPY_PHASE_STRIP = NO;
				DEBUG_INFORMATION_FORMAT = dwarf;
				ENABLE_STRICT_OBJC_MSGSEND = YES;
				ENABLE_TESTABILITY = YES;
				GCC_C_LANGUAGE_STANDARD = gnu11;
				GCC_DYNAMIC_NO_PIC = NO;
				GCC_NO_COMMON_BLOCKS = YES;
				GCC_OPTIMIZATION_LEVEL = 0;
				GCC_PREPROCESSOR_DEFINITIONS = (
					"DEBUG=1",
					"$(inherited)",
				);
				GCC_WARN_64_TO_32_BIT_CONVERSION = YES;
				GCC_WARN_ABOUT_RETURN_TYPE = YES_ERROR;
				GCC_WARN_UNDECLARED_SELECTOR = YES;
				GCC_WARN_UNINITIALIZED_AUTOS = YES_AGGRESSIVE;
				GCC_WARN_UNUSED_FUNCTION = YES;
				GCC_WARN_UNUSED_VARIABLE = YES;
				IPHONEOS_DEPLOYMENT_TARGET = 14.5;
				MTL_ENABLE_DEBUG_INFO = INCLUDE_SOURCE;
				MTL_FAST_MATH = YES;
				ONLY_ACTIVE_ARCH = YES;
				SDKROOT = iphoneos;
				SWIFT_ACTIVE_COMPILATION_CONDITIONS = DEBUG;
				SWIFT_OPTIMIZATION_LEVEL = "-Onone";
			};
			name = Debug;
		};
		23CD7DE729447EB100A051C1 /* Release */ = {
			isa = XCBuildConfiguration;
			buildSettings = {
				ALWAYS_SEARCH_USER_PATHS = NO;
				CLANG_ANALYZER_NONNULL = YES;
				CLANG_ANALYZER_NUMBER_OBJECT_CONVERSION = YES_AGGRESSIVE;
				CLANG_CXX_LANGUAGE_STANDARD = "gnu++14";
				CLANG_CXX_LIBRARY = "libc++";
				CLANG_ENABLE_MODULES = YES;
				CLANG_ENABLE_OBJC_ARC = YES;
				CLANG_ENABLE_OBJC_WEAK = YES;
				CLANG_WARN_BLOCK_CAPTURE_AUTORELEASING = YES;
				CLANG_WARN_BOOL_CONVERSION = YES;
				CLANG_WARN_COMMA = YES;
				CLANG_WARN_CONSTANT_CONVERSION = YES;
				CLANG_WARN_DEPRECATED_OBJC_IMPLEMENTATIONS = YES;
				CLANG_WARN_DIRECT_OBJC_ISA_USAGE = YES_ERROR;
				CLANG_WARN_DOCUMENTATION_COMMENTS = YES;
				CLANG_WARN_EMPTY_BODY = YES;
				CLANG_WARN_ENUM_CONVERSION = YES;
				CLANG_WARN_INFINITE_RECURSION = YES;
				CLANG_WARN_INT_CONVERSION = YES;
				CLANG_WARN_NON_LITERAL_NULL_CONVERSION = YES;
				CLANG_WARN_OBJC_IMPLICIT_RETAIN_SELF = YES;
				CLANG_WARN_OBJC_LITERAL_CONVERSION = YES;
				CLANG_WARN_OBJC_ROOT_CLASS = YES_ERROR;
				CLANG_WARN_QUOTED_INCLUDE_IN_FRAMEWORK_HEADER = YES;
				CLANG_WARN_RANGE_LOOP_ANALYSIS = YES;
				CLANG_WARN_STRICT_PROTOTYPES = YES;
				CLANG_WARN_SUSPICIOUS_MOVE = YES;
				CLANG_WARN_UNGUARDED_AVAILABILITY = YES_AGGRESSIVE;
				CLANG_WARN_UNREACHABLE_CODE = YES;
				CLANG_WARN__DUPLICATE_METHOD_MATCH = YES;
				COPY_PHASE_STRIP = NO;
				DEBUG_INFORMATION_FORMAT = "dwarf-with-dsym";
				ENABLE_NS_ASSERTIONS = NO;
				ENABLE_STRICT_OBJC_MSGSEND = YES;
				GCC_C_LANGUAGE_STANDARD = gnu11;
				GCC_NO_COMMON_BLOCKS = YES;
				GCC_WARN_64_TO_32_BIT_CONVERSION = YES;
				GCC_WARN_ABOUT_RETURN_TYPE = YES_ERROR;
				GCC_WARN_UNDECLARED_SELECTOR = YES;
				GCC_WARN_UNINITIALIZED_AUTOS = YES_AGGRESSIVE;
				GCC_WARN_UNUSED_FUNCTION = YES;
				GCC_WARN_UNUSED_VARIABLE = YES;
				IPHONEOS_DEPLOYMENT_TARGET = 14.5;
				MTL_ENABLE_DEBUG_INFO = NO;
				MTL_FAST_MATH = YES;
				SDKROOT = iphoneos;
				SWIFT_COMPILATION_MODE = wholemodule;
				SWIFT_OPTIMIZATION_LEVEL = "-O";
				VALIDATE_PRODUCT = YES;
			};
			name = Release;
		};
		23CD7DE929447EB100A051C1 /* Debug */ = {
			isa = XCBuildConfiguration;
			baseConfigurationReference = 870745FA198B3144A4A6274D /* Pods-MessagingApp.debug.xcconfig */;
			buildSettings = {
				ASSETCATALOG_COMPILER_APPICON_NAME = AppIcon;
				ASSETCATALOG_COMPILER_GLOBAL_ACCENT_COLOR_NAME = AccentColor;
				CODE_SIGN_STYLE = Automatic;
				DEVELOPMENT_TEAM = 886Y82ZT56;
				INFOPLIST_FILE = MessagingApp/Info.plist;
				LD_RUNPATH_SEARCH_PATHS = (
					"$(inherited)",
					"@executable_path/Frameworks",
				);
				PRODUCT_BUNDLE_IDENTIFIER = com.carrington.messagingapp.MessagingApp;
				PRODUCT_NAME = "$(TARGET_NAME)";
				SWIFT_VERSION = 5.0;
				TARGETED_DEVICE_FAMILY = "1,2";
			};
			name = Debug;
		};
		23CD7DEA29447EB100A051C1 /* Release */ = {
			isa = XCBuildConfiguration;
			baseConfigurationReference = 7DE2D5E5B8DF76A31BDABF39 /* Pods-MessagingApp.release.xcconfig */;
			buildSettings = {
				ASSETCATALOG_COMPILER_APPICON_NAME = AppIcon;
				ASSETCATALOG_COMPILER_GLOBAL_ACCENT_COLOR_NAME = AccentColor;
				CODE_SIGN_STYLE = Automatic;
				DEVELOPMENT_TEAM = 886Y82ZT56;
				INFOPLIST_FILE = MessagingApp/Info.plist;
				LD_RUNPATH_SEARCH_PATHS = (
					"$(inherited)",
					"@executable_path/Frameworks",
				);
				PRODUCT_BUNDLE_IDENTIFIER = com.carrington.messagingapp.MessagingApp;
				PRODUCT_NAME = "$(TARGET_NAME)";
				SWIFT_VERSION = 5.0;
				TARGETED_DEVICE_FAMILY = "1,2";
			};
			name = Release;
		};
/* End XCBuildConfiguration section */

/* Begin XCConfigurationList section */
		23CD7DCC29447EB000A051C1 /* Build configuration list for PBXProject "MessagingApp" */ = {
			isa = XCConfigurationList;
			buildConfigurations = (
				23CD7DE629447EB100A051C1 /* Debug */,
				23CD7DE729447EB100A051C1 /* Release */,
			);
			defaultConfigurationIsVisible = 0;
			defaultConfigurationName = Release;
		};
		23CD7DE829447EB100A051C1 /* Build configuration list for PBXNativeTarget "MessagingApp" */ = {
			isa = XCConfigurationList;
			buildConfigurations = (
				23CD7DE929447EB100A051C1 /* Debug */,
				23CD7DEA29447EB100A051C1 /* Release */,
			);
			defaultConfigurationIsVisible = 0;
			defaultConfigurationName = Release;
		};
/* End XCConfigurationList section */
	};
	rootObject = 23CD7DC929447EB000A051C1 /* Project object */;
}
